{
  "name": "core-grpc-prometheus-connector-test",
  "version": "1.0.0",
  "lockfileVersion": 1,
  "requires": true,
  "dependencies": {
    "async-limiter": {
      "version": "1.0.1",
      "resolved": "https://registry.npmjs.org/async-limiter/-/async-limiter-1.0.1.tgz",
      "integrity": "sha512-csOlWGAcRFJaI6m+F2WKdnMKr4HhdhFVBk0H/QbJFMCr+uO2kwohwXQPxw/9OCxp05r5ghVBFSyioixx3gfkNQ=="
    },
    "enigma.js": {
      "version": "2.7.1",
      "resolved": "https://registry.npmjs.org/enigma.js/-/enigma.js-2.7.1.tgz",
      "integrity": "sha512-vQq0k8f2NDCr5bFBP/CPhUyVX2sNm1XIsGgx0zWGpApeWJrOkpfUBjPpqBrQq3KFa0aLEVWO6vBrQkFv3rIHFw=="
    },
    "ws": {
      "version": "6.2.1",
      "resolved": "https://registry.npmjs.org/ws/-/ws-6.2.1.tgz",
      "integrity": "sha512-GIyAXC2cB7LjvpgMt9EKS2ldqr0MTrORaleiOno6TweZ6r3TKtoFQWay/2PceJ3RuBasOHzXNn5Lrw1X0bEjqA==",
      "requires": {
        "async-limiter": "~1.0.0"
      }
    }
  }
}
